// !$*UTF8*$!
{
	archiveVersion = 1;
	classes = {
	};
	objectVersion = 55;
	objects = {

/* Begin PBXBuildFile section */
		D109EBA927C405BA009660B6 /* Tests_iOS.swift in Sources */ = {isa = PBXBuildFile; fileRef = D109EBA827C405BA009660B6 /* Tests_iOS.swift */; };
		D109EBAB27C405BA009660B6 /* Tests_iOSLaunchTests.swift in Sources */ = {isa = PBXBuildFile; fileRef = D109EBAA27C405BA009660B6 /* Tests_iOSLaunchTests.swift */; };
		D109EBB527C405BA009660B6 /* Tests_macOS.swift in Sources */ = {isa = PBXBuildFile; fileRef = D109EBB427C405BA009660B6 /* Tests_macOS.swift */; };
		D109EBB727C405BA009660B6 /* Tests_macOSLaunchTests.swift in Sources */ = {isa = PBXBuildFile; fileRef = D109EBB627C405BA009660B6 /* Tests_macOSLaunchTests.swift */; };
		D109EBB827C405BA009660B6 /* B2WordleApp.swift in Sources */ = {isa = PBXBuildFile; fileRef = D109EB9027C405B9009660B6 /* B2WordleApp.swift */; };
		D109EBB927C405BA009660B6 /* B2WordleApp.swift in Sources */ = {isa = PBXBuildFile; fileRef = D109EB9027C405B9009660B6 /* B2WordleApp.swift */; };
		D109EBBA27C405BA009660B6 /* ContentView.swift in Sources */ = {isa = PBXBuildFile; fileRef = D109EB9127C405B9009660B6 /* ContentView.swift */; };
		D109EBBB27C405BA009660B6 /* ContentView.swift in Sources */ = {isa = PBXBuildFile; fileRef = D109EB9127C405B9009660B6 /* ContentView.swift */; };
		D109EBBC27C405BA009660B6 /* Assets.xcassets in Resources */ = {isa = PBXBuildFile; fileRef = D109EB9227C405BA009660B6 /* Assets.xcassets */; };
		D109EBBD27C405BA009660B6 /* Assets.xcassets in Resources */ = {isa = PBXBuildFile; fileRef = D109EB9227C405BA009660B6 /* Assets.xcassets */; };
		D109EBCD27C42D8F009660B6 /* ViewModel.swift in Sources */ = {isa = PBXBuildFile; fileRef = D109EBCC27C42D8F009660B6 /* ViewModel.swift */; };
		D109EBCE27C42D8F009660B6 /* ViewModel.swift in Sources */ = {isa = PBXBuildFile; fileRef = D109EBCC27C42D8F009660B6 /* ViewModel.swift */; };
		D1D5208627C5231D000DEDEF /* KeyboardView.swift in Sources */ = {isa = PBXBuildFile; fileRef = D1D5208527C5231D000DEDEF /* KeyboardView.swift */; };
		D1D5208727C5231D000DEDEF /* KeyboardView.swift in Sources */ = {isa = PBXBuildFile; fileRef = D1D5208527C5231D000DEDEF /* KeyboardView.swift */; };
		D1D5208927C52340000DEDEF /* WordView.swift in Sources */ = {isa = PBXBuildFile; fileRef = D1D5208827C52340000DEDEF /* WordView.swift */; };
		D1D5208A27C52340000DEDEF /* WordView.swift in Sources */ = {isa = PBXBuildFile; fileRef = D1D5208827C52340000DEDEF /* WordView.swift */; };
		D1D5208C27C523A1000DEDEF /* LetterModel.swift in Sources */ = {isa = PBXBuildFile; fileRef = D1D5208B27C523A1000DEDEF /* LetterModel.swift */; };
		D1D5208D27C523A1000DEDEF /* LetterModel.swift in Sources */ = {isa = PBXBuildFile; fileRef = D1D5208B27C523A1000DEDEF /* LetterModel.swift */; };
		D1D5208F27C523C9000DEDEF /* Helpers.swift in Sources */ = {isa = PBXBuildFile; fileRef = D1D5208E27C523C9000DEDEF /* Helpers.swift */; };
		D1D5209027C523C9000DEDEF /* Helpers.swift in Sources */ = {isa = PBXBuildFile; fileRef = D1D5208E27C523C9000DEDEF /* Helpers.swift */; };
		D1D5209627C52F19000DEDEF /* MessageView.swift in Sources */ = {isa = PBXBuildFile; fileRef = D1D5209527C52F19000DEDEF /* MessageView.swift */; };
		D1D5209727C52F19000DEDEF /* MessageView.swift in Sources */ = {isa = PBXBuildFile; fileRef = D1D5209527C52F19000DEDEF /* MessageView.swift */; };
/* End PBXBuildFile section */

/* Begin PBXContainerItemProxy section */
		D109EBA527C405BA009660B6 /* PBXContainerItemProxy */ = {
			isa = PBXContainerItemProxy;
			containerPortal = D109EB8B27C405B9009660B6 /* Project object */;
			proxyType = 1;
			remoteGlobalIDString = D109EB9627C405BA009660B6;
			remoteInfo = "B2Wordle (iOS)";
		};
		D109EBB127C405BA009660B6 /* PBXContainerItemProxy */ = {
			isa = PBXContainerItemProxy;
			containerPortal = D109EB8B27C405B9009660B6 /* Project object */;
			proxyType = 1;
			remoteGlobalIDString = D109EB9C27C405BA009660B6;
			remoteInfo = "B2Wordle (macOS)";
		};
/* End PBXContainerItemProxy section */

/* Begin PBXFileReference section */
		D109EB9027C405B9009660B6 /* B2WordleApp.swift */ = {isa = PBXFileReference; lastKnownFileType = sourcecode.swift; path = B2WordleApp.swift; sourceTree = "<group>"; };
		D109EB9127C405B9009660B6 /* ContentView.swift */ = {isa = PBXFileReference; lastKnownFileType = sourcecode.swift; path = ContentView.swift; sourceTree = "<group>"; };
		D109EB9227C405BA009660B6 /* Assets.xcassets */ = {isa = PBXFileReference; lastKnownFileType = folder.assetcatalog; path = Assets.xcassets; sourceTree = "<group>"; };
		D109EB9727C405BA009660B6 /* B2Wordle.app */ = {isa = PBXFileReference; explicitFileType = wrapper.application; includeInIndex = 0; path = B2Wordle.app; sourceTree = BUILT_PRODUCTS_DIR; };
		D109EB9D27C405BA009660B6 /* B2Wordle.app */ = {isa = PBXFileReference; explicitFileType = wrapper.application; includeInIndex = 0; path = B2Wordle.app; sourceTree = BUILT_PRODUCTS_DIR; };
		D109EB9F27C405BA009660B6 /* macOS.entitlements */ = {isa = PBXFileReference; lastKnownFileType = text.plist.entitlements; path = macOS.entitlements; sourceTree = "<group>"; };
		D109EBA427C405BA009660B6 /* Tests iOS.xctest */ = {isa = PBXFileReference; explicitFileType = wrapper.cfbundle; includeInIndex = 0; path = "Tests iOS.xctest"; sourceTree = BUILT_PRODUCTS_DIR; };
		D109EBA827C405BA009660B6 /* Tests_iOS.swift */ = {isa = PBXFileReference; lastKnownFileType = sourcecode.swift; path = Tests_iOS.swift; sourceTree = "<group>"; };
		D109EBAA27C405BA009660B6 /* Tests_iOSLaunchTests.swift */ = {isa = PBXFileReference; lastKnownFileType = sourcecode.swift; path = Tests_iOSLaunchTests.swift; sourceTree = "<group>"; };
		D109EBB027C405BA009660B6 /* Tests macOS.xctest */ = {isa = PBXFileReference; explicitFileType = wrapper.cfbundle; includeInIndex = 0; path = "Tests macOS.xctest"; sourceTree = BUILT_PRODUCTS_DIR; };
		D109EBB427C405BA009660B6 /* Tests_macOS.swift */ = {isa = PBXFileReference; lastKnownFileType = sourcecode.swift; path = Tests_macOS.swift; sourceTree = "<group>"; };
		D109EBB627C405BA009660B6 /* Tests_macOSLaunchTests.swift */ = {isa = PBXFileReference; lastKnownFileType = sourcecode.swift; path = Tests_macOSLaunchTests.swift; sourceTree = "<group>"; };
		D109EBCC27C42D8F009660B6 /* ViewModel.swift */ = {isa = PBXFileReference; lastKnownFileType = sourcecode.swift; path = ViewModel.swift; sourceTree = "<group>"; };
		D1D5208527C5231D000DEDEF /* KeyboardView.swift */ = {isa = PBXFileReference; lastKnownFileType = sourcecode.swift; path = KeyboardView.swift; sourceTree = "<group>"; };
		D1D5208827C52340000DEDEF /* WordView.swift */ = {isa = PBXFileReference; lastKnownFileType = sourcecode.swift; path = WordView.swift; sourceTree = "<group>"; };
		D1D5208B27C523A1000DEDEF /* LetterModel.swift */ = {isa = PBXFileReference; lastKnownFileType = sourcecode.swift; path = LetterModel.swift; sourceTree = "<group>"; };
		D1D5208E27C523C9000DEDEF /* Helpers.swift */ = {isa = PBXFileReference; lastKnownFileType = sourcecode.swift; path = Helpers.swift; sourceTree = "<group>"; };
		D1D5209527C52F19000DEDEF /* MessageView.swift */ = {isa = PBXFileReference; lastKnownFileType = sourcecode.swift; path = MessageView.swift; sourceTree = "<group>"; };
/* End PBXFileReference section */

/* Begin PBXFrameworksBuildPhase section */
		D109EB9427C405BA009660B6 /* Frameworks */ = {
			isa = PBXFrameworksBuildPhase;
			buildActionMask = 2147483647;
			files = (
			);
			runOnlyForDeploymentPostprocessing = 0;
		};
		D109EB9A27C405BA009660B6 /* Frameworks */ = {
			isa = PBXFrameworksBuildPhase;
			buildActionMask = 2147483647;
			files = (
			);
			runOnlyForDeploymentPostprocessing = 0;
		};
		D109EBA127C405BA009660B6 /* Frameworks */ = {
			isa = PBXFrameworksBuildPhase;
			buildActionMask = 2147483647;
			files = (
			);
			runOnlyForDeploymentPostprocessing = 0;
		};
		D109EBAD27C405BA009660B6 /* Frameworks */ = {
			isa = PBXFrameworksBuildPhase;
			buildActionMask = 2147483647;
			files = (
			);
			runOnlyForDeploymentPostprocessing = 0;
		};
/* End PBXFrameworksBuildPhase section */

/* Begin PBXGroup section */
		D109EB8A27C405B9009660B6 = {
			isa = PBXGroup;
			children = (
				D109EB8F27C405B9009660B6 /* Shared */,
				D109EB9E27C405BA009660B6 /* macOS */,
				D109EBA727C405BA009660B6 /* Tests iOS */,
				D109EBB327C405BA009660B6 /* Tests macOS */,
				D109EB9827C405BA009660B6 /* Products */,
			);
			sourceTree = "<group>";
		};
		D109EB8F27C405B9009660B6 /* Shared */ = {
			isa = PBXGroup;
			children = (
				D1D5209427C523EF000DEDEF /* Main */,
				D1D5209127C523CE000DEDEF /* Views */,
				D1D5209227C523DD000DEDEF /* Models */,
				D1D5209327C523E5000DEDEF /* Helpers */,
				D109EB9227C405BA009660B6 /* Assets.xcassets */,
			);
			path = Shared;
			sourceTree = "<group>";
		};
		D109EB9827C405BA009660B6 /* Products */ = {
			isa = PBXGroup;
			children = (
				D109EB9727C405BA009660B6 /* B2Wordle.app */,
				D109EB9D27C405BA009660B6 /* B2Wordle.app */,
				D109EBA427C405BA009660B6 /* Tests iOS.xctest */,
				D109EBB027C405BA009660B6 /* Tests macOS.xctest */,
			);
			name = Products;
			sourceTree = "<group>";
		};
		D109EB9E27C405BA009660B6 /* macOS */ = {
			isa = PBXGroup;
			children = (
				D109EB9F27C405BA009660B6 /* macOS.entitlements */,
			);
			path = macOS;
			sourceTree = "<group>";
		};
		D109EBA727C405BA009660B6 /* Tests iOS */ = {
			isa = PBXGroup;
			children = (
				D109EBA827C405BA009660B6 /* Tests_iOS.swift */,
				D109EBAA27C405BA009660B6 /* Tests_iOSLaunchTests.swift */,
			);
			path = "Tests iOS";
			sourceTree = "<group>";
		};
		D109EBB327C405BA009660B6 /* Tests macOS */ = {
			isa = PBXGroup;
			children = (
				D109EBB427C405BA009660B6 /* Tests_macOS.swift */,
				D109EBB627C405BA009660B6 /* Tests_macOSLaunchTests.swift */,
			);
			path = "Tests macOS";
			sourceTree = "<group>";
		};
		D1D5209127C523CE000DEDEF /* Views */ = {
			isa = PBXGroup;
			children = (
				D109EB9127C405B9009660B6 /* ContentView.swift */,
				D1D5209527C52F19000DEDEF /* MessageView.swift */,
				D1D5208827C52340000DEDEF /* WordView.swift */,
				D1D5208527C5231D000DEDEF /* KeyboardView.swift */,
			);
			path = Views;
			sourceTree = "<group>";
		};
		D1D5209227C523DD000DEDEF /* Models */ = {
			isa = PBXGroup;
			children = (
				D109EBCC27C42D8F009660B6 /* ViewModel.swift */,
				D1D5208B27C523A1000DEDEF /* LetterModel.swift */,
			);
			path = Models;
			sourceTree = "<group>";
		};
		D1D5209327C523E5000DEDEF /* Helpers */ = {
			isa = PBXGroup;
			children = (
				D1D5208E27C523C9000DEDEF /* Helpers.swift */,
			);
			path = Helpers;
			sourceTree = "<group>";
		};
		D1D5209427C523EF000DEDEF /* Main */ = {
			isa = PBXGroup;
			children = (
				D109EB9027C405B9009660B6 /* B2WordleApp.swift */,
			);
			path = Main;
			sourceTree = "<group>";
		};
/* End PBXGroup section */

/* Begin PBXNativeTarget section */
		D109EB9627C405BA009660B6 /* B2Wordle (iOS) */ = {
			isa = PBXNativeTarget;
			buildConfigurationList = D109EBC027C405BA009660B6 /* Build configuration list for PBXNativeTarget "B2Wordle (iOS)" */;
			buildPhases = (
				D109EB9327C405BA009660B6 /* Sources */,
				D109EB9427C405BA009660B6 /* Frameworks */,
				D109EB9527C405BA009660B6 /* Resources */,
			);
			buildRules = (
			);
			dependencies = (
			);
			name = "B2Wordle (iOS)";
			productName = "B2Wordle (iOS)";
			productReference = D109EB9727C405BA009660B6 /* B2Wordle.app */;
			productType = "com.apple.product-type.application";
		};
		D109EB9C27C405BA009660B6 /* B2Wordle (macOS) */ = {
			isa = PBXNativeTarget;
			buildConfigurationList = D109EBC327C405BA009660B6 /* Build configuration list for PBXNativeTarget "B2Wordle (macOS)" */;
			buildPhases = (
				D109EB9927C405BA009660B6 /* Sources */,
				D109EB9A27C405BA009660B6 /* Frameworks */,
				D109EB9B27C405BA009660B6 /* Resources */,
			);
			buildRules = (
			);
			dependencies = (
			);
			name = "B2Wordle (macOS)";
			productName = "B2Wordle (macOS)";
			productReference = D109EB9D27C405BA009660B6 /* B2Wordle.app */;
			productType = "com.apple.product-type.application";
		};
		D109EBA327C405BA009660B6 /* Tests iOS */ = {
			isa = PBXNativeTarget;
			buildConfigurationList = D109EBC627C405BA009660B6 /* Build configuration list for PBXNativeTarget "Tests iOS" */;
			buildPhases = (
				D109EBA027C405BA009660B6 /* Sources */,
				D109EBA127C405BA009660B6 /* Frameworks */,
				D109EBA227C405BA009660B6 /* Resources */,
			);
			buildRules = (
			);
			dependencies = (
				D109EBA627C405BA009660B6 /* PBXTargetDependency */,
			);
			name = "Tests iOS";
			productName = "Tests iOS";
			productReference = D109EBA427C405BA009660B6 /* Tests iOS.xctest */;
			productType = "com.apple.product-type.bundle.ui-testing";
		};
		D109EBAF27C405BA009660B6 /* Tests macOS */ = {
			isa = PBXNativeTarget;
			buildConfigurationList = D109EBC927C405BA009660B6 /* Build configuration list for PBXNativeTarget "Tests macOS" */;
			buildPhases = (
				D109EBAC27C405BA009660B6 /* Sources */,
				D109EBAD27C405BA009660B6 /* Frameworks */,
				D109EBAE27C405BA009660B6 /* Resources */,
			);
			buildRules = (
			);
			dependencies = (
				D109EBB227C405BA009660B6 /* PBXTargetDependency */,
			);
			name = "Tests macOS";
			productName = "Tests macOS";
			productReference = D109EBB027C405BA009660B6 /* Tests macOS.xctest */;
			productType = "com.apple.product-type.bundle.ui-testing";
		};
/* End PBXNativeTarget section */

/* Begin PBXProject section */
		D109EB8B27C405B9009660B6 /* Project object */ = {
			isa = PBXProject;
			attributes = {
				BuildIndependentTargetsInParallel = 1;
				LastSwiftUpdateCheck = 1320;
				LastUpgradeCheck = 1320;
				TargetAttributes = {
					D109EB9627C405BA009660B6 = {
						CreatedOnToolsVersion = 13.2.1;
					};
					D109EB9C27C405BA009660B6 = {
						CreatedOnToolsVersion = 13.2.1;
					};
					D109EBA327C405BA009660B6 = {
						CreatedOnToolsVersion = 13.2.1;
						TestTargetID = D109EB9627C405BA009660B6;
					};
					D109EBAF27C405BA009660B6 = {
						CreatedOnToolsVersion = 13.2.1;
						TestTargetID = D109EB9C27C405BA009660B6;
					};
				};
			};
			buildConfigurationList = D109EB8E27C405B9009660B6 /* Build configuration list for PBXProject "B2Wordle" */;
			compatibilityVersion = "Xcode 13.0";
			developmentRegion = en;
			hasScannedForEncodings = 0;
			knownRegions = (
				en,
				Base,
			);
			mainGroup = D109EB8A27C405B9009660B6;
			productRefGroup = D109EB9827C405BA009660B6 /* Products */;
			projectDirPath = "";
			projectRoot = "";
			targets = (
				D109EB9627C405BA009660B6 /* B2Wordle (iOS) */,
				D109EB9C27C405BA009660B6 /* B2Wordle (macOS) */,
				D109EBA327C405BA009660B6 /* Tests iOS */,
				D109EBAF27C405BA009660B6 /* Tests macOS */,
			);
		};
/* End PBXProject section */

/* Begin PBXResourcesBuildPhase section */
		D109EB9527C405BA009660B6 /* Resources */ = {
			isa = PBXResourcesBuildPhase;
			buildActionMask = 2147483647;
			files = (
				D109EBBC27C405BA009660B6 /* Assets.xcassets in Resources */,
			);
			runOnlyForDeploymentPostprocessing = 0;
		};
		D109EB9B27C405BA009660B6 /* Resources */ = {
			isa = PBXResourcesBuildPhase;
			buildActionMask = 2147483647;
			files = (
				D109EBBD27C405BA009660B6 /* Assets.xcassets in Resources */,
			);
			runOnlyForDeploymentPostprocessing = 0;
		};
		D109EBA227C405BA009660B6 /* Resources */ = {
			isa = PBXResourcesBuildPhase;
			buildActionMask = 2147483647;
			files = (
			);
			runOnlyForDeploymentPostprocessing = 0;
		};
		D109EBAE27C405BA009660B6 /* Resources */ = {
			isa = PBXResourcesBuildPhase;
			buildActionMask = 2147483647;
			files = (
			);
			runOnlyForDeploymentPostprocessing = 0;
		};
/* End PBXResourcesBuildPhase section */

/* Begin PBXSourcesBuildPhase section */
		D109EB9327C405BA009660B6 /* Sources */ = {
			isa = PBXSourcesBuildPhase;
			buildActionMask = 2147483647;
			files = (
				D109EBBA27C405BA009660B6 /* ContentView.swift in Sources */,
				D1D5208F27C523C9000DEDEF /* Helpers.swift in Sources */,
				D109EBCD27C42D8F009660B6 /* ViewModel.swift in Sources */,
				D1D5208627C5231D000DEDEF /* KeyboardView.swift in Sources */,
				D1D5209627C52F19000DEDEF /* MessageView.swift in Sources */,
				D1D5208C27C523A1000DEDEF /* LetterModel.swift in Sources */,
				D1D5208927C52340000DEDEF /* WordView.swift in Sources */,
				D109EBB827C405BA009660B6 /* B2WordleApp.swift in Sources */,
			);
			runOnlyForDeploymentPostprocessing = 0;
		};
		D109EB9927C405BA009660B6 /* Sources */ = {
			isa = PBXSourcesBuildPhase;
			buildActionMask = 2147483647;
			files = (
				D109EBBB27C405BA009660B6 /* ContentView.swift in Sources */,
				D1D5209027C523C9000DEDEF /* Helpers.swift in Sources */,
				D109EBCE27C42D8F009660B6 /* ViewModel.swift in Sources */,
				D1D5208727C5231D000DEDEF /* KeyboardView.swift in Sources */,
				D1D5209727C52F19000DEDEF /* MessageView.swift in Sources */,
				D1D5208D27C523A1000DEDEF /* LetterModel.swift in Sources */,
				D1D5208A27C52340000DEDEF /* WordView.swift in Sources */,
				D109EBB927C405BA009660B6 /* B2WordleApp.swift in Sources */,
			);
			runOnlyForDeploymentPostprocessing = 0;
		};
		D109EBA027C405BA009660B6 /* Sources */ = {
			isa = PBXSourcesBuildPhase;
			buildActionMask = 2147483647;
			files = (
				D109EBAB27C405BA009660B6 /* Tests_iOSLaunchTests.swift in Sources */,
				D109EBA927C405BA009660B6 /* Tests_iOS.swift in Sources */,
			);
			runOnlyForDeploymentPostprocessing = 0;
		};
		D109EBAC27C405BA009660B6 /* Sources */ = {
			isa = PBXSourcesBuildPhase;
			buildActionMask = 2147483647;
			files = (
				D109EBB727C405BA009660B6 /* Tests_macOSLaunchTests.swift in Sources */,
				D109EBB527C405BA009660B6 /* Tests_macOS.swift in Sources */,
			);
			runOnlyForDeploymentPostprocessing = 0;
		};
/* End PBXSourcesBuildPhase section */

/* Begin PBXTargetDependency section */
		D109EBA627C405BA009660B6 /* PBXTargetDependency */ = {
			isa = PBXTargetDependency;
			target = D109EB9627C405BA009660B6 /* B2Wordle (iOS) */;
			targetProxy = D109EBA527C405BA009660B6 /* PBXContainerItemProxy */;
		};
		D109EBB227C405BA009660B6 /* PBXTargetDependency */ = {
			isa = PBXTargetDependency;
			target = D109EB9C27C405BA009660B6 /* B2Wordle (macOS) */;
			targetProxy = D109EBB127C405BA009660B6 /* PBXContainerItemProxy */;
		};
/* End PBXTargetDependency section */

/* Begin XCBuildConfiguration section */
		D109EBBE27C405BA009660B6 /* Debug */ = {
			isa = XCBuildConfiguration;
			buildSettings = {
				ALWAYS_SEARCH_USER_PATHS = NO;
				CLANG_ANALYZER_NONNULL = YES;
				CLANG_ANALYZER_NUMBER_OBJECT_CONVERSION = YES_AGGRESSIVE;
				CLANG_CXX_LANGUAGE_STANDARD = "gnu++17";
				CLANG_CXX_LIBRARY = "libc++";
				CLANG_ENABLE_MODULES = YES;
				CLANG_ENABLE_OBJC_ARC = YES;
				CLANG_ENABLE_OBJC_WEAK = YES;
				CLANG_WARN_BLOCK_CAPTURE_AUTORELEASING = YES;
				CLANG_WARN_BOOL_CONVERSION = YES;
				CLANG_WARN_COMMA = YES;
				CLANG_WARN_CONSTANT_CONVERSION = YES;
				CLANG_WARN_DEPRECATED_OBJC_IMPLEMENTATIONS = YES;
				CLANG_WARN_DIRECT_OBJC_ISA_USAGE = YES_ERROR;
				CLANG_WARN_DOCUMENTATION_COMMENTS = YES;
				CLANG_WARN_EMPTY_BODY = YES;
				CLANG_WARN_ENUM_CONVERSION = YES;
				CLANG_WARN_INFINITE_RECURSION = YES;
				CLANG_WARN_INT_CONVERSION = YES;
				CLANG_WARN_NON_LITERAL_NULL_CONVERSION = YES;
				CLANG_WARN_OBJC_IMPLICIT_RETAIN_SELF = YES;
				CLANG_WARN_OBJC_LITERAL_CONVERSION = YES;
				CLANG_WARN_OBJC_ROOT_CLASS = YES_ERROR;
				CLANG_WARN_QUOTED_INCLUDE_IN_FRAMEWORK_HEADER = YES;
				CLANG_WARN_RANGE_LOOP_ANALYSIS = YES;
				CLANG_WARN_STRICT_PROTOTYPES = YES;
				CLANG_WARN_SUSPICIOUS_MOVE = YES;
				CLANG_WARN_UNGUARDED_AVAILABILITY = YES_AGGRESSIVE;
				CLANG_WARN_UNREACHABLE_CODE = YES;
				CLANG_WARN__DUPLICATE_METHOD_MATCH = YES;
				COPY_PHASE_STRIP = NO;
				DEBUG_INFORMATION_FORMAT = dwarf;
				ENABLE_STRICT_OBJC_MSGSEND = YES;
				ENABLE_TESTABILITY = YES;
				GCC_C_LANGUAGE_STANDARD = gnu11;
				GCC_DYNAMIC_NO_PIC = NO;
				GCC_NO_COMMON_BLOCKS = YES;
				GCC_OPTIMIZATION_LEVEL = 0;
				GCC_PREPROCESSOR_DEFINITIONS = (
					"DEBUG=1",
					"$(inherited)",
				);
				GCC_WARN_64_TO_32_BIT_CONVERSION = YES;
				GCC_WARN_ABOUT_RETURN_TYPE = YES_ERROR;
				GCC_WARN_UNDECLARED_SELECTOR = YES;
				GCC_WARN_UNINITIALIZED_AUTOS = YES_AGGRESSIVE;
				GCC_WARN_UNUSED_FUNCTION = YES;
				GCC_WARN_UNUSED_VARIABLE = YES;
				MTL_ENABLE_DEBUG_INFO = INCLUDE_SOURCE;
				MTL_FAST_MATH = YES;
				ONLY_ACTIVE_ARCH = YES;
				SWIFT_ACTIVE_COMPILATION_CONDITIONS = DEBUG;
				SWIFT_OPTIMIZATION_LEVEL = "-Onone";
			};
			name = Debug;
		};
		D109EBBF27C405BA009660B6 /* Release */ = {
			isa = XCBuildConfiguration;
			buildSettings = {
				ALWAYS_SEARCH_USER_PATHS = NO;
				CLANG_ANALYZER_NONNULL = YES;
				CLANG_ANALYZER_NUMBER_OBJECT_CONVERSION = YES_AGGRESSIVE;
				CLANG_CXX_LANGUAGE_STANDARD = "gnu++17";
				CLANG_CXX_LIBRARY = "libc++";
				CLANG_ENABLE_MODULES = YES;
				CLANG_ENABLE_OBJC_ARC = YES;
				CLANG_ENABLE_OBJC_WEAK = YES;
				CLANG_WARN_BLOCK_CAPTURE_AUTORELEASING = YES;
				CLANG_WARN_BOOL_CONVERSION = YES;
				CLANG_WARN_COMMA = YES;
				CLANG_WARN_CONSTANT_CONVERSION = YES;
				CLANG_WARN_DEPRECATED_OBJC_IMPLEMENTATIONS = YES;
				CLANG_WARN_DIRECT_OBJC_ISA_USAGE = YES_ERROR;
				CLANG_WARN_DOCUMENTATION_COMMENTS = YES;
				CLANG_WARN_EMPTY_BODY = YES;
				CLANG_WARN_ENUM_CONVERSION = YES;
				CLANG_WARN_INFINITE_RECURSION = YES;
				CLANG_WARN_INT_CONVERSION = YES;
				CLANG_WARN_NON_LITERAL_NULL_CONVERSION = YES;
				CLANG_WARN_OBJC_IMPLICIT_RETAIN_SELF = YES;
				CLANG_WARN_OBJC_LITERAL_CONVERSION = YES;
				CLANG_WARN_OBJC_ROOT_CLASS = YES_ERROR;
				CLANG_WARN_QUOTED_INCLUDE_IN_FRAMEWORK_HEADER = YES;
				CLANG_WARN_RANGE_LOOP_ANALYSIS = YES;
				CLANG_WARN_STRICT_PROTOTYPES = YES;
				CLANG_WARN_SUSPICIOUS_MOVE = YES;
				CLANG_WARN_UNGUARDED_AVAILABILITY = YES_AGGRESSIVE;
				CLANG_WARN_UNREACHABLE_CODE = YES;
				CLANG_WARN__DUPLICATE_METHOD_MATCH = YES;
				COPY_PHASE_STRIP = NO;
				DEBUG_INFORMATION_FORMAT = "dwarf-with-dsym";
				ENABLE_NS_ASSERTIONS = NO;
				ENABLE_STRICT_OBJC_MSGSEND = YES;
				GCC_C_LANGUAGE_STANDARD = gnu11;
				GCC_NO_COMMON_BLOCKS = YES;
				GCC_WARN_64_TO_32_BIT_CONVERSION = YES;
				GCC_WARN_ABOUT_RETURN_TYPE = YES_ERROR;
				GCC_WARN_UNDECLARED_SELECTOR = YES;
				GCC_WARN_UNINITIALIZED_AUTOS = YES_AGGRESSIVE;
				GCC_WARN_UNUSED_FUNCTION = YES;
				GCC_WARN_UNUSED_VARIABLE = YES;
				MTL_ENABLE_DEBUG_INFO = NO;
				MTL_FAST_MATH = YES;
				SWIFT_COMPILATION_MODE = wholemodule;
				SWIFT_OPTIMIZATION_LEVEL = "-O";
			};
			name = Release;
		};
		D109EBC127C405BA009660B6 /* Debug */ = {
			isa = XCBuildConfiguration;
			buildSettings = {
				ASSETCATALOG_COMPILER_APPICON_NAME = AppIcon;
				ASSETCATALOG_COMPILER_GLOBAL_ACCENT_COLOR_NAME = AccentColor;
				CODE_SIGN_STYLE = Automatic;
				CURRENT_PROJECT_VERSION = 1;
				DEVELOPMENT_TEAM = LMJ6674UP5;
				ENABLE_PREVIEWS = YES;
				GENERATE_INFOPLIST_FILE = YES;
				INFOPLIST_KEY_UIApplicationSceneManifest_Generation = YES;
				INFOPLIST_KEY_UIApplicationSupportsIndirectInputEvents = YES;
				INFOPLIST_KEY_UILaunchScreen_Generation = YES;
				INFOPLIST_KEY_UISupportedInterfaceOrientations_iPad = "UIInterfaceOrientationPortrait UIInterfaceOrientationPortraitUpsideDown UIInterfaceOrientationLandscapeLeft UIInterfaceOrientationLandscapeRight";
				INFOPLIST_KEY_UISupportedInterfaceOrientations_iPhone = "UIInterfaceOrientationPortrait UIInterfaceOrientationLandscapeLeft UIInterfaceOrientationLandscapeRight";
				IPHONEOS_DEPLOYMENT_TARGET = 15.2;
				LD_RUNPATH_SEARCH_PATHS = (
					"$(inherited)",
					"@executable_path/Frameworks",
				);
				MARKETING_VERSION = 1.0;
				PRODUCT_BUNDLE_IDENTIFIER = com.americanas.B2Wordle;
				PRODUCT_NAME = B2Wordle;
				SDKROOT = iphoneos;
				SWIFT_EMIT_LOC_STRINGS = YES;
				SWIFT_VERSION = 5.0;
				TARGETED_DEVICE_FAMILY = "1,2";
			};
			name = Debug;
		};
		D109EBC227C405BA009660B6 /* Release */ = {
			isa = XCBuildConfiguration;
			buildSettings = {
				ASSETCATALOG_COMPILER_APPICON_NAME = AppIcon;
				ASSETCATALOG_COMPILER_GLOBAL_ACCENT_COLOR_NAME = AccentColor;
				CODE_SIGN_STYLE = Automatic;
				CURRENT_PROJECT_VERSION = 1;
				DEVELOPMENT_TEAM = LMJ6674UP5;
				ENABLE_PREVIEWS = YES;
				GENERATE_INFOPLIST_FILE = YES;
				INFOPLIST_KEY_UIApplicationSceneManifest_Generation = YES;
				INFOPLIST_KEY_UIApplicationSupportsIndirectInputEvents = YES;
				INFOPLIST_KEY_UILaunchScreen_Generation = YES;
				INFOPLIST_KEY_UISupportedInterfaceOrientations_iPad = "UIInterfaceOrientationPortrait UIInterfaceOrientationPortraitUpsideDown UIInterfaceOrientationLandscapeLeft UIInterfaceOrientationLandscapeRight";
				INFOPLIST_KEY_UISupportedInterfaceOrientations_iPhone = "UIInterfaceOrientationPortrait UIInterfaceOrientationLandscapeLeft UIInterfaceOrientationLandscapeRight";
				IPHONEOS_DEPLOYMENT_TARGET = 15.2;
				LD_RUNPATH_SEARCH_PATHS = (
					"$(inherited)",
					"@executable_path/Frameworks",
				);
				MARKETING_VERSION = 1.0;
				PRODUCT_BUNDLE_IDENTIFIER = com.americanas.B2Wordle;
				PRODUCT_NAME = B2Wordle;
				SDKROOT = iphoneos;
				SWIFT_EMIT_LOC_STRINGS = YES;
				SWIFT_VERSION = 5.0;
				TARGETED_DEVICE_FAMILY = "1,2";
				VALIDATE_PRODUCT = YES;
			};
			name = Release;
		};
		D109EBC427C405BA009660B6 /* Debug */ = {
			isa = XCBuildConfiguration;
			buildSettings = {
				ASSETCATALOG_COMPILER_APPICON_NAME = AppIcon;
				ASSETCATALOG_COMPILER_GLOBAL_ACCENT_COLOR_NAME = AccentColor;
				CODE_SIGN_ENTITLEMENTS = macOS/macOS.entitlements;
				CODE_SIGN_STYLE = Automatic;
				COMBINE_HIDPI_IMAGES = YES;
				CURRENT_PROJECT_VERSION = 1;
				DEVELOPMENT_TEAM = LMJ6674UP5;
				ENABLE_HARDENED_RUNTIME = YES;
				ENABLE_PREVIEWS = YES;
				GENERATE_INFOPLIST_FILE = YES;
				INFOPLIST_KEY_NSHumanReadableCopyright = "";
				LD_RUNPATH_SEARCH_PATHS = (
					"$(inherited)",
					"@executable_path/../Frameworks",
				);
				MACOSX_DEPLOYMENT_TARGET = 12.1;
				MARKETING_VERSION = 1.0;
				PRODUCT_BUNDLE_IDENTIFIER = com.americanas.B2Wordle;
				PRODUCT_NAME = B2Wordle;
				SDKROOT = macosx;
				SWIFT_EMIT_LOC_STRINGS = YES;
				SWIFT_VERSION = 5.0;
			};
			name = Debug;
		};
		D109EBC527C405BA009660B6 /* Release */ = {
			isa = XCBuildConfiguration;
			buildSettings = {
				ASSETCATALOG_COMPILER_APPICON_NAME = AppIcon;
				ASSETCATALOG_COMPILER_GLOBAL_ACCENT_COLOR_NAME = AccentColor;
				CODE_SIGN_ENTITLEMENTS = macOS/macOS.entitlements;
				CODE_SIGN_STYLE = Automatic;
				COMBINE_HIDPI_IMAGES = YES;
				CURRENT_PROJECT_VERSION = 1;
				DEVELOPMENT_TEAM = LMJ6674UP5;
				ENABLE_HARDENED_RUNTIME = YES;
				ENABLE_PREVIEWS = YES;
				GENERATE_INFOPLIST_FILE = YES;
				INFOPLIST_KEY_NSHumanReadableCopyright = "";
				LD_RUNPATH_SEARCH_PATHS = (
					"$(inherited)",
					"@executable_path/../Frameworks",
				);
				MACOSX_DEPLOYMENT_TARGET = 12.1;
				MARKETING_VERSION = 1.0;
				PRODUCT_BUNDLE_IDENTIFIER = com.americanas.B2Wordle;
				PRODUCT_NAME = B2Wordle;
				SDKROOT = macosx;
				SWIFT_EMIT_LOC_STRINGS = YES;
				SWIFT_VERSION = 5.0;
			};
			name = Release;
		};
		D109EBC727C405BA009660B6 /* Debug */ = {
			isa = XCBuildConfiguration;
			buildSettings = {
				ALWAYS_EMBED_SWIFT_STANDARD_LIBRARIES = YES;
				CODE_SIGN_STYLE = Automatic;
				CURRENT_PROJECT_VERSION = 1;
				DEVELOPMENT_TEAM = LMJ6674UP5;
				GENERATE_INFOPLIST_FILE = YES;
				IPHONEOS_DEPLOYMENT_TARGET = 15.2;
				MARKETING_VERSION = 1.0;
				PRODUCT_BUNDLE_IDENTIFIER = "com.americanas.Tests-iOS";
				PRODUCT_NAME = "$(TARGET_NAME)";
				SDKROOT = iphoneos;
				SWIFT_EMIT_LOC_STRINGS = NO;
				SWIFT_VERSION = 5.0;
				TARGETED_DEVICE_FAMILY = "1,2";
				TEST_TARGET_NAME = "B2Wordle (iOS)";
			};
			name = Debug;
		};
		D109EBC827C405BA009660B6 /* Release */ = {
			isa = XCBuildConfiguration;
			buildSettings = {
				ALWAYS_EMBED_SWIFT_STANDARD_LIBRARIES = YES;
				CODE_SIGN_STYLE = Automatic;
				CURRENT_PROJECT_VERSION = 1;
				DEVELOPMENT_TEAM = LMJ6674UP5;
				GENERATE_INFOPLIST_FILE = YES;
				IPHONEOS_DEPLOYMENT_TARGET = 15.2;
				MARKETING_VERSION = 1.0;
				PRODUCT_BUNDLE_IDENTIFIER = "com.americanas.Tests-iOS";
				PRODUCT_NAME = "$(TARGET_NAME)";
				SDKROOT = iphoneos;
				SWIFT_EMIT_LOC_STRINGS = NO;
				SWIFT_VERSION = 5.0;
				TARGETED_DEVICE_FAMILY = "1,2";
				TEST_TARGET_NAME = "B2Wordle (iOS)";
				VALIDATE_PRODUCT = YES;
			};
			name = Release;
		};
		D109EBCA27C405BA009660B6 /* Debug */ = {
			isa = XCBuildConfiguration;
			buildSettings = {
				ALWAYS_EMBED_SWIFT_STANDARD_LIBRARIES = YES;
				CODE_SIGN_STYLE = Automatic;
				CURRENT_PROJECT_VERSION = 1;
				DEVELOPMENT_TEAM = LMJ6674UP5;
				GENERATE_INFOPLIST_FILE = YES;
				MACOSX_DEPLOYMENT_TARGET = 12.1;
				MARKETING_VERSION = 1.0;
				PRODUCT_BUNDLE_IDENTIFIER = "com.americanas.Tests-macOS";
				PRODUCT_NAME = "$(TARGET_NAME)";
				SDKROOT = macosx;
				SWIFT_EMIT_LOC_STRINGS = NO;
				SWIFT_VERSION = 5.0;
				TEST_TARGET_NAME = "B2Wordle (macOS)";
			};
			name = Debug;
		};
		D109EBCB27C405BA009660B6 /* Release */ = {
			isa = XCBuildConfiguration;
			buildSettings = {
				ALWAYS_EMBED_SWIFT_STANDARD_LIBRARIES = YES;
				CODE_SIGN_STYLE = Automatic;
				CURRENT_PROJECT_VERSION = 1;
				DEVELOPMENT_TEAM = LMJ6674UP5;
				GENERATE_INFOPLIST_FILE = YES;
				MACOSX_DEPLOYMENT_TARGET = 12.1;
				MARKETING_VERSION = 1.0;
				PRODUCT_BUNDLE_IDENTIFIER = "com.americanas.Tests-macOS";
				PRODUCT_NAME = "$(TARGET_NAME)";
				SDKROOT = macosx;
				SWIFT_EMIT_LOC_STRINGS = NO;
				SWIFT_VERSION = 5.0;
				TEST_TARGET_NAME = "B2Wordle (macOS)";
			};
			name = Release;
		};
/* End XCBuildConfiguration section */

/* Begin XCConfigurationList section */
		D109EB8E27C405B9009660B6 /* Build configuration list for PBXProject "B2Wordle" */ = {
			isa = XCConfigurationList;
			buildConfigurations = (
				D109EBBE27C405BA009660B6 /* Debug */,
				D109EBBF27C405BA009660B6 /* Release */,
			);
			defaultConfigurationIsVisible = 0;
			defaultConfigurationName = Release;
		};
		D109EBC027C405BA009660B6 /* Build configuration list for PBXNativeTarget "B2Wordle (iOS)" */ = {
			isa = XCConfigurationList;
			buildConfigurations = (
				D109EBC127C405BA009660B6 /* Debug */,
				D109EBC227C405BA009660B6 /* Release */,
			);
			defaultConfigurationIsVisible = 0;
			defaultConfigurationName = Release;
		};
		D109EBC327C405BA009660B6 /* Build configuration list for PBXNativeTarget "B2Wordle (macOS)" */ = {
			isa = XCConfigurationList;
			buildConfigurations = (
				D109EBC427C405BA009660B6 /* Debug */,
				D109EBC527C405BA009660B6 /* Release */,
			);
			defaultConfigurationIsVisible = 0;
			defaultConfigurationName = Release;
		};
		D109EBC627C405BA009660B6 /* Build configuration list for PBXNativeTarget "Tests iOS" */ = {
			isa = XCConfigurationList;
			buildConfigurations = (
				D109EBC727C405BA009660B6 /* Debug */,
				D109EBC827C405BA009660B6 /* Release */,
			);
			defaultConfigurationIsVisible = 0;
			defaultConfigurationName = Release;
		};
		D109EBC927C405BA009660B6 /* Build configuration list for PBXNativeTarget "Tests macOS" */ = {
			isa = XCConfigurationList;
			buildConfigurations = (
				D109EBCA27C405BA009660B6 /* Debug */,
				D109EBCB27C405BA009660B6 /* Release */,
			);
			defaultConfigurationIsVisible = 0;
			defaultConfigurationName = Release;
		};
/* End XCConfigurationList section */
	};
	rootObject = D109EB8B27C405B9009660B6 /* Project object */;
}
